
Microsoft Visual Studio Solution File, Format Version 12.00
# Visual Studio Version 16
VisualStudioVersion = 16.0.30011.22
MinimumVisualStudioVersion = 10.0.40219.1
Project("{FAE04EC0-301F-11D3-BF4B-00C04F79EFBC}") = "Businnes", "Businnes\Businnes.csproj", "{5229CDDA-19CF-48B0-B02C-E84CA41B6CE2}"
EndProject
Project("{FAE04EC0-301F-11D3-BF4B-00C04F79EFBC}") = "DataAccess", "DataAccess\DataAccess.csproj", "{D1968E88-D1D2-497B-B4FB-B221577EF439}"
EndProject
Project("{FAE04EC0-301F-11D3-BF4B-00C04F79EFBC}") = "Entities", "Entities\Entities.csproj", "{391BCE16-8812-4637-B291-131A1FDDA59E}"
EndProject
Project("{FAE04EC0-301F-11D3-BF4B-00C04F79EFBC}") = "ConsoleUI", "ConsoleUI\ConsoleUI.csproj", "{05E83093-F844-4491-98FF-1E39EDD72C67}"
EndProject
Global
	GlobalSection(SolutionConfigurationPlatforms) = preSolution
		Debug|Any CPU = Debug|Any CPU
		Release|Any CPU = Release|Any CPU
	EndGlobalSection
	GlobalSection(ProjectConfigurationPlatforms) = postSolution
		{5229CDDA-19CF-48B0-B02C-E84CA41B6CE2}.Debug|Any CPU.ActiveCfg = Debug|Any CPU
		{5229CDDA-19CF-48B0-B02C-E84CA41B6CE2}.Debug|Any CPU.Build.0 = Debug|Any CPU
		{5229CDDA-19CF-48B0-B02C-E84CA41B6CE2}.Release|Any CPU.ActiveCfg = Release|Any CPU
		{5229CDDA-19CF-48B0-B02C-E84CA41B6CE2}.Release|Any CPU.Build.0 = Release|Any CPU
		{D1968E88-D1D2-497B-B4FB-B221577EF439}.Debug|Any CPU.ActiveCfg = Debug|Any CPU
		{D1968E88-D1D2-497B-B4FB-B221577EF439}.Debug|Any CPU.Build.0 = Debug|Any CPU
		{D1968E88-D1D2-497B-B4FB-B221577EF439}.Release|Any CPU.ActiveCfg = Release|Any CPU
		{D1968E88-D1D2-497B-B4FB-B221577EF439}.Release|Any CPU.Build.0 = Release|Any CPU
		{391BCE16-8812-4637-B291-131A1FDDA59E}.Debug|Any CPU.ActiveCfg = Debug|Any CPU
		{391BCE16-8812-4637-B291-131A1FDDA59E}.Debug|Any CPU.Build.0 = Debug|Any CPU
		{391BCE16-8812-4637-B291-131A1FDDA59E}.Release|Any CPU.ActiveCfg = Release|Any CPU
		{391BCE16-8812-4637-B291-131A1FDDA59E}.Release|Any CPU.Build.0 = Release|Any CPU
		{05E83093-F844-4491-98FF-1E39EDD72C67}.Debug|Any CPU.ActiveCfg = Debug|Any CPU
		{05E83093-F844-4491-98FF-1E39EDD72C67}.Debug|Any CPU.Build.0 = Debug|Any CPU
		{05E83093-F844-4491-98FF-1E39EDD72C67}.Release|Any CPU.ActiveCfg = Release|Any CPU
		{05E83093-F844-4491-98FF-1E39EDD72C67}.Release|Any CPU.Build.0 = Release|Any CPU
	EndGlobalSection
	GlobalSection(SolutionProperties) = preSolution
		HideSolutionNode = FALSE
	EndGlobalSection
	GlobalSection(ExtensibilityGlobals) = postSolution
		SolutionGuid = {216185E6-E350-4F29-8253-07C8BDD5A8BD}
	EndGlobalSection
EndGlobal
